{
  "name": "mongo",
  "version": "1.0.0",
  "lockfileVersion": 2,
  "requires": true,
  "packages": {
    "": {
      "name": "mongo",
      "version": "1.0.0",
      "license": "ISC",
      "dependencies": {
        "@tinyhttp/app": "^2.0.20",
        "@tinyhttp/dotenv": "^2.0.2",
        "@tinyhttp/logger": "^1.3.0",
        "milliparsec": "^2.2.1",
        "mongodb": "^4.5.0"
      }
    },
    "node_modules/@tinyhttp/accepts": {
      "version": "2.0.5",
      "resolved": "https://registry.npmjs.org/@tinyhttp/accepts/-/accepts-2.0.5.tgz",
      "integrity": "sha512-Y3s/uJ+Ju+joEOniWCjNvLh+f+V30pdO3eWniQLEZUD07YK19NPzq4lUiJrFd/OveWA6axZa1rd8gcXCdOxxAg==",
      "dependencies": {
        "es-mime-types": "^0.1.4",
        "negotiator": "^0.6.2"
      },
      "engines": {
        "node": ">=12.4.0"
      },
      "funding": {
        "type": "individual",
        "url": "https://github.com/tinyhttp/tinyhttp?sponsor=1"
      }
    },
    "node_modules/@tinyhttp/app": {
      "version": "2.0.20",
      "resolved": "https://registry.npmjs.org/@tinyhttp/app/-/app-2.0.20.tgz",
      "integrity": "sha512-QIv7wwsZ14dovGy347VJ+1D9HvceQERPugHEGZ18RY5Svk885fackk/orcu1k5GDXFhobezFw9NChGCzfmuQSA==",
      "dependencies": {
        "@tinyhttp/cookie": "2.0.3",
        "@tinyhttp/proxy-addr": "2.0.3",
        "@tinyhttp/req": "2.0.12",
        "@tinyhttp/res": "2.0.15",
        "@tinyhttp/router": "2.0.4",
        "header-range-parser": "1.1.3",
        "regexparam": "^2.0.0"
      },
      "engines": {
        "node": ">=12.x"
      },
      "funding": {
        "type": "individual",
        "url": "https://github.com/tinyhttp/tinyhttp?sponsor=1"
      }
    },
    "node_modules/@tinyhttp/content-disposition": {
      "version": "2.0.5",
      "resolved": "https://registry.npmjs.org/@tinyhttp/content-disposition/-/content-disposition-2.0.5.tgz",
      "integrity": "sha512-glfgD8Ae1HwF7QntvD1jAr/ieHmGmU4drcH7AeXkK6uj/GyCSRw9yPgSfYqjBkEeP1hR19ZTDi5rrKMIFifesA==",
      "engines": {
        "node": ">=12.4.0"
      },
      "funding": {
        "type": "individual",
        "url": "https://github.com/tinyhttp/tinyhttp?sponsor=1"
      }
    },
    "node_modules/@tinyhttp/cookie": {
      "version": "2.0.3",
      "resolved": "https://registry.npmjs.org/@tinyhttp/cookie/-/cookie-2.0.3.tgz",
      "integrity": "sha512-ZHvDHyNc0VwKLgFqwCNbrMObJqJHKQNnMARdPlK2+VvKVB3h/ZT5kYAXYFxxWFJFNqXaXz0E7i2kX32bMeMGUw==",
      "engines": {
        "node": ">=12.4.0"
      },
      "funding": {
        "type": "individual",
        "url": "https://github.com/tinyhttp/tinyhttp?sponsor=1"
      }
    },
    "node_modules/@tinyhttp/cookie-signature": {
      "version": "2.0.3",
      "resolved": "https://registry.npmjs.org/@tinyhttp/cookie-signature/-/cookie-signature-2.0.3.tgz",
      "integrity": "sha512-sc9qXDTS5qG32ZykBxLIJeGr9GbEr/oY5nDQTZFrCTQ7TdfUjHntSt0ZecPb36xZLsoiRA4RWp3cPC8X1YRu5A==",
      "engines": {
        "node": ">=12.4.0"
      }
    },
    "node_modules/@tinyhttp/dotenv": {
      "version": "2.0.2",
      "resolved": "https://registry.npmjs.org/@tinyhttp/dotenv/-/dotenv-2.0.2.tgz",
      "integrity": "sha512-r3YhxOA8hE9PyMgY4kuT/+ZpgKwMwbqA0LZW5hfewPXUo+M9nMySLyRb3IeGjrQtd8ii6ZC4poE1GmTeF8nE8w==",
      "engines": {
        "node": ">=12.4.0"
      }
    },
    "node_modules/@tinyhttp/encode-url": {
      "version": "2.0.4",
      "resolved": "https://registry.npmjs.org/@tinyhttp/encode-url/-/encode-url-2.0.4.tgz",
      "integrity": "sha512-vnofujyKQc5JlsqwSoQVskDIST0zmz8CRwckm/i1PFfvpMqRgzgbS1yFXhUNlb2ZDV4mKknCt6nf6drhJSVbuA==",
      "engines": {
        "node": ">=12.4.0"
      }
    },
    "node_modules/@tinyhttp/etag": {
      "version": "2.0.3",
      "resolved": "https://registry.npmjs.org/@tinyhttp/etag/-/etag-2.0.3.tgz",
      "integrity": "sha512-mK0gL5KEd4gUjSrOqQLhJnZgn3MXfFrg7g1JDuGmQpjSHBcfCccqyHv9OFFaPBQjK/yEGC7XC+iUCzLMhWjTng==",
      "engines": {
        "node": ">=12.4.0"
      }
    },
    "node_modules/@tinyhttp/forwarded": {
      "version": "2.0.3",
      "resolved": "https://registry.npmjs.org/@tinyhttp/forwarded/-/forwarded-2.0.3.tgz",
      "integrity": "sha512-K3309+ZuIL4nEAtBbXmigeuRbVYdDGiusT2niP/bSJbtrRhaGSIifYucEYPnOYiUzh+uxn0QpsOOjSKUCF4cXQ==",
      "engines": {
        "node": ">=12.4.0"
      }
    },
    "node_modules/@tinyhttp/logger": {
      "version": "1.3.0",
      "resolved": "https://registry.npmjs.org/@tinyhttp/logger/-/logger-1.3.0.tgz",
      "integrity": "sha512-u8vbW8OEPur3ZlkJGNO+Nl/xw78cdIaDAcWMUEg7o3UY9L5xezMQcLBPX8ykJLEB+Yl+BDmTvt1s1LzkwM6mNQ==",
      "dependencies": {
        "colorette": "^1.2.2",
        "dayjs": "^1.10.4",
        "http-status-emojis": "^2.2.0"
      },
      "engines": {
        "node": ">=12.4.0"
      }
    },
    "node_modules/@tinyhttp/proxy-addr": {
      "version": "2.0.3",
      "resolved": "https://registry.npmjs.org/@tinyhttp/proxy-addr/-/proxy-addr-2.0.3.tgz",
      "integrity": "sha512-Fm1DTq2k4fqdTwK+UQ+YR+0zwv2cIV1lIfaW/VYM6Za7vTJHAphilf5IPkjyBsdf9Fa/jDwHo8WCak6yI2I+jQ==",
      "dependencies": {
        "@tinyhttp/forwarded": "2.0.3",
        "ipaddr.js": "^2.0.1"
      },
      "engines": {
        "node": ">=12.4.0"
      }
    },
    "node_modules/@tinyhttp/req": {
      "version": "2.0.12",
      "resolved": "https://registry.npmjs.org/@tinyhttp/req/-/req-2.0.12.tgz",
      "integrity": "sha512-adqVhev9iG7aTYoTXu2WCqWlnAgBJubbqIE+1L/5EimNDgnvd1nxkQAsuqEmrsm1SZiPXB2HYA1rFSKRJBsC7w==",
      "dependencies": {
        "@tinyhttp/accepts": "2.0.5",
        "@tinyhttp/type-is": "2.0.4",
        "@tinyhttp/url": "2.0.5",
        "es-fresh": "^0.0.10",
        "header-range-parser": "^1.1.3"
      },
      "engines": {
        "node": ">=12.4.0"
      }
    },
    "node_modules/@tinyhttp/res": {
      "version": "2.0.15",
      "resolved": "https://registry.npmjs.org/@tinyhttp/res/-/res-2.0.15.tgz",
      "integrity": "sha512-OA0wbyBrAPBa9HUnZ68acIkrHcAd5o+z9Zj5q6ZO9HJZ2EjojQ18OzH1/PSO4fz1zqhT8vk1lY9BXjCk7oVA6w==",
      "dependencies": {
        "@tinyhttp/content-disposition": "2.0.5",
        "@tinyhttp/cookie": "2.0.3",
        "@tinyhttp/cookie-signature": "2.0.3",
        "@tinyhttp/encode-url": "2.0.4",
        "@tinyhttp/req": "2.0.12",
        "@tinyhttp/send": "2.0.4",
        "es-escape-html": "^0.1.1",
        "es-mime-types": "^0.1.4",
        "es-vary": "^0.1.1"
      },
      "engines": {
        "node": ">=12.4.0"
      }
    },
    "node_modules/@tinyhttp/router": {
      "version": "2.0.4",
      "resolved": "https://registry.npmjs.org/@tinyhttp/router/-/router-2.0.4.tgz",
      "integrity": "sha512-mO8jWrB951UTkX8akzhHa5UMjQKleNhbQDnd4EZSA7VOXE9n28tqHmYgg1G/czDL6gwRl6Bppj5crJIbvMDGwg==",
      "engines": {
        "node": ">=12.4.0"
      }
    },
    "node_modules/@tinyhttp/send": {
      "version": "2.0.4",
      "resolved": "https://registry.npmjs.org/@tinyhttp/send/-/send-2.0.4.tgz",
      "integrity": "sha512-HISD5WB1IFGmXitpRt9A+xImHTkbUDd4FZQJdECIPL2kodIHIwHgUFefOPs+pJxdozZwK63Pwe+gMQu5VK6MyA==",
      "dependencies": {
        "@tinyhttp/etag": "2.0.3",
        "es-content-type": "^0.1.0",
        "es-mime-types": "^0.1.4"
      },
      "engines": {
        "node": ">=12.4.0"
      }
    },
    "node_modules/@tinyhttp/type-is": {
      "version": "2.0.4",
      "resolved": "https://registry.npmjs.org/@tinyhttp/type-is/-/type-is-2.0.4.tgz",
      "integrity": "sha512-MpGt6ikISUVEhikmbv3tPgDNiy/9L3/WocR76bAIPp1JdyQlYqeQ1jCze5E3tPQ4gtTIb1rwdptHVBq4NkwwHw==",
      "dependencies": {
        "es-content-type": "^0.1.0",
        "es-mime-types": "^0.1.4"
      },
      "engines": {
        "node": ">=12.4.0"
      }
    },
    "node_modules/@tinyhttp/url": {
      "version": "2.0.5",
      "resolved": "https://registry.npmjs.org/@tinyhttp/url/-/url-2.0.5.tgz",
      "integrity": "sha512-NXQAaUa7p5pgd1oUF5VuzLyqVVoMqNvraUI8QkSL0TlRSfgOVLg5PQ2xbk0TYU03SGwHm8w1ZBl9lymeJCLphg==",
      "engines": {
        "node": ">=12.4.0"
      }
    },
    "node_modules/@types/node": {
      "version": "17.0.24",
      "resolved": "https://registry.npmjs.org/@types/node/-/node-17.0.24.tgz",
      "integrity": "sha512-aveCYRQbgTH9Pssp1voEP7HiuWlD2jW2BO56w+bVrJn04i61yh6mRfoKO6hEYQD9vF+W8Chkwc6j1M36uPkx4g=="
    },
    "node_modules/@types/webidl-conversions": {
      "version": "6.1.1",
      "resolved": "https://registry.npmjs.org/@types/webidl-conversions/-/webidl-conversions-6.1.1.tgz",
      "integrity": "sha512-XAahCdThVuCFDQLT7R7Pk/vqeObFNL3YqRyFZg+AqAP/W1/w3xHaIxuW7WszQqTbIBOPRcItYJIou3i/mppu3Q=="
    },
    "node_modules/@types/whatwg-url": {
      "version": "8.2.1",
      "resolved": "https://registry.npmjs.org/@types/whatwg-url/-/whatwg-url-8.2.1.tgz",
      "integrity": "sha512-2YubE1sjj5ifxievI5Ge1sckb9k/Er66HyR2c+3+I6VDUUg1TLPdYYTEbQ+DjRkS4nTxMJhgWfSfMRD2sl2EYQ==",
      "dependencies": {
        "@types/node": "*",
        "@types/webidl-conversions": "*"
      }
    },
    "node_modules/base64-js": {
      "version": "1.5.1",
      "resolved": "https://registry.npmjs.org/base64-js/-/base64-js-1.5.1.tgz",
      "integrity": "sha512-AKpaYlHn8t4SVbOHCy+b5+KKgvR4vrsD8vbvrbiQJps7fKDTkjkDry6ji0rUJjC0kzbNePLwzxq8iypo41qeWA==",
      "funding": [
        {
          "type": "github",
          "url": "https://github.com/sponsors/feross"
        },
        {
          "type": "patreon",
          "url": "https://www.patreon.com/feross"
        },
        {
          "type": "consulting",
          "url": "https://feross.org/support"
        }
      ]
    },
    "node_modules/bson": {
      "version": "4.6.2",
      "resolved": "https://registry.npmjs.org/bson/-/bson-4.6.2.tgz",
      "integrity": "sha512-VeJKHShcu1b/ugl0QiujlVuBepab714X9nNyBdA1kfekuDGecxgpTA2Z6nYbagrWFeiIyzSWIOzju3lhj+RNyQ==",
      "dependencies": {
        "buffer": "^5.6.0"
      },
      "engines": {
        "node": ">=6.9.0"
      }
    },
    "node_modules/buffer": {
      "version": "5.7.1",
      "resolved": "https://registry.npmjs.org/buffer/-/buffer-5.7.1.tgz",
      "integrity": "sha512-EHcyIPBQ4BSGlvjB16k5KgAJ27CIsHY/2JBmCRReo48y9rQ3MaUzWX3KVlBa4U7MyX02HdVj0K7C3WaB3ju7FQ==",
      "funding": [
        {
          "type": "github",
          "url": "https://github.com/sponsors/feross"
        },
        {
          "type": "patreon",
          "url": "https://www.patreon.com/feross"
        },
        {
          "type": "consulting",
          "url": "https://feross.org/support"
        }
      ],
      "dependencies": {
        "base64-js": "^1.3.1",
        "ieee754": "^1.1.13"
      }
    },
    "node_modules/colorette": {
      "version": "1.4.0",
      "resolved": "https://registry.npmjs.org/colorette/-/colorette-1.4.0.tgz",
      "integrity": "sha512-Y2oEozpomLn7Q3HFP7dpww7AtMJplbM9lGZP6RDfHqmbeRjiwRg4n6VM6j4KLmRke85uWEI7JqF17f3pqdRA0g=="
    },
    "node_modules/dayjs": {
      "version": "1.11.1",
      "resolved": "https://registry.npmjs.org/dayjs/-/dayjs-1.11.1.tgz",
      "integrity": "sha512-ER7EjqVAMkRRsxNCC5YqJ9d9VQYuWdGt7aiH2qA5R5wt8ZmWaP2dLUSIK6y/kVzLMlmh1Tvu5xUf4M/wdGJ5KA=="
    },
    "node_modules/denque": {
      "version": "2.0.1",
      "resolved": "https://registry.npmjs.org/denque/-/denque-2.0.1.tgz",
      "integrity": "sha512-tfiWc6BQLXNLpNiR5iGd0Ocu3P3VpxfzFiqubLgMfhfOw9WyvgJBd46CClNn9k3qfbjvT//0cf7AlYRX/OslMQ==",
      "engines": {
        "node": ">=0.10"
      }
    },
    "node_modules/es-content-type": {
      "version": "0.1.0",
      "resolved": "https://registry.npmjs.org/es-content-type/-/es-content-type-0.1.0.tgz",
      "integrity": "sha512-DqWU9pSzhNlO10q+NQ/KebImLkKbwbcy0pSv3hNQfEpKFHsrqDJz2vajpZdq7nkiG9DoJcTh22oHGymp7XJd9g==",
      "engines": {
        "node": ">=12.x"
      }
    },
    "node_modules/es-escape-html": {
      "version": "0.1.1",
      "resolved": "https://registry.npmjs.org/es-escape-html/-/es-escape-html-0.1.1.tgz",
      "integrity": "sha512-yUx1o+8RsG7UlszmYPtks+dm6Lho2m8lgHMOsLJQsFI0R8XwUJwiMhM1M4E/S8QLeGyf6MkDV/pWgjQ0tdTSyQ==",
      "engines": {
        "node": ">=12.x"
      }
    },
    "node_modules/es-fresh": {
      "version": "0.0.10",
      "resolved": "https://registry.npmjs.org/es-fresh/-/es-fresh-0.0.10.tgz",
      "integrity": "sha512-/e5etUqtxj7JktALldpsDNC84DOHavN9PqojnTTGeX1M2/Q4/SF8d55d7AsB3n66WYS43hdBbn0sAllto5kSIg==",
      "engines": {
        "node": ">=12.x"
      }
    },
    "node_modules/es-mime-types": {
      "version": "0.1.4",
      "resolved": "https://registry.npmjs.org/es-mime-types/-/es-mime-types-0.1.4.tgz",
      "integrity": "sha512-rUrmfrUIHU/4ykYB+YH80LDiSpmn6sE/A9E8EsFZP4LCtf/PH+ju6d6goFJ8fsGf81pRtQn1cJSmp8JGA9YkfQ==",
      "dependencies": {
        "mime-db": "^1.50.0"
      },
      "engines": {
        "node": ">=12.x"
      }
    },
    "node_modules/es-vary": {
      "version": "0.1.2",
      "resolved": "https://registry.npmjs.org/es-vary/-/es-vary-0.1.2.tgz",
      "integrity": "sha512-pLqqZoOutAXQXyBJrUYVNM5fZngiOJYi1Xl4svQMrluTsqDUOQlBMw9EYgLrsWL6niDYn/Yd1y2Pj6GC+j/yjA==",
      "engines": {
        "node": ">=12.x"
      }
    },
    "node_modules/header-range-parser": {
      "version": "1.1.3",
      "resolved": "https://registry.npmjs.org/header-range-parser/-/header-range-parser-1.1.3.tgz",
      "integrity": "sha512-B9zCFt3jH8g09LR1vHL4pcAn8yMEtlSlOUdQemzHMRKMImNIhhszdeosYFfNW0WXKQtXIlWB+O4owHJKvEJYaA==",
      "engines": {
        "node": ">=12.22.0"
      }
    },
    "node_modules/http-status-emojis": {
      "version": "2.2.0",
      "resolved": "https://registry.npmjs.org/http-status-emojis/-/http-status-emojis-2.2.0.tgz",
      "integrity": "sha512-ompKtgwpx8ff0hsbpIB7oE4ax1LXoHmftsHHStMELX56ivG3GhofTX8ZHWlUaFKfGjcGjw6G3rPk7dJRXMmbbg=="
    },
    "node_modules/ieee754": {
      "version": "1.2.1",
      "resolved": "https://registry.npmjs.org/ieee754/-/ieee754-1.2.1.tgz",
      "integrity": "sha512-dcyqhDvX1C46lXZcVqCpK+FtMRQVdIMN6/Df5js2zouUsqG7I6sFxitIC+7KYK29KdXOLHdu9zL4sFnoVQnqaA==",
      "funding": [
        {
          "type": "github",
          "url": "https://github.com/sponsors/feross"
        },
        {
          "type": "patreon",
          "url": "https://www.patreon.com/feross"
        },
        {
          "type": "consulting",
          "url": "https://feross.org/support"
        }
      ]
    },
    "node_modules/ip": {
      "version": "1.1.5",
      "resolved": "https://registry.npmjs.org/ip/-/ip-1.1.5.tgz",
      "integrity": "sha1-vd7XARQpCCjAoDnnLvJfWq7ENUo="
    },
    "node_modules/ipaddr.js": {
      "version": "2.0.1",
      "resolved": "https://registry.npmjs.org/ipaddr.js/-/ipaddr.js-2.0.1.tgz",
      "integrity": "sha512-1qTgH9NG+IIJ4yfKs2e6Pp1bZg8wbDbKHT21HrLIeYBTRLgMYKnMTPAuI3Lcs61nfx5h1xlXnbJtH1kX5/d/ng==",
      "engines": {
        "node": ">= 10"
      }
    },
    "node_modules/memory-pager": {
      "version": "1.5.0",
      "resolved": "https://registry.npmjs.org/memory-pager/-/memory-pager-1.5.0.tgz",
      "integrity": "sha512-ZS4Bp4r/Zoeq6+NLJpP+0Zzm0pR8whtGPf1XExKLJBAczGMnSi3It14OiNCStjQjM6NU1okjQGSxgEZN8eBYKg==",
      "optional": true
    },
    "node_modules/milliparsec": {
      "version": "2.2.1",
      "resolved": "https://registry.npmjs.org/milliparsec/-/milliparsec-2.2.1.tgz",
      "integrity": "sha512-eLVRBxVWfm85fLuFf0LJfaQeZKdWfVgH5W3L7aFl1eMGv6dbFBTcClFY+zvgK7/XnrynmXq8U3CVloznj5QEoQ==",
      "engines": {
        "node": ">=12.4"
      }
    },
    "node_modules/mime-db": {
      "version": "1.52.0",
      "resolved": "https://registry.npmjs.org/mime-db/-/mime-db-1.52.0.tgz",
      "integrity": "sha512-sPU4uV7dYlvtWJxwwxHD0PuihVNiE7TyAbQ5SWxDCB9mUYvOgroQOwYQQOKPJ8CIbE+1ETVlOoK1UC2nU3gYvg==",
      "engines": {
        "node": ">= 0.6"
      }
    },
    "node_modules/mongodb": {
      "version": "4.5.0",
      "resolved": "https://registry.npmjs.org/mongodb/-/mongodb-4.5.0.tgz",
      "integrity": "sha512-A2l8MjEpKojnhbCM0MK3+UOGUSGvTNNSv7AkP1fsT7tkambrkkqN/5F2y+PhzsV0Nbv58u04TETpkaSEdI2zKA==",
      "dependencies": {
        "bson": "^4.6.2",
        "denque": "^2.0.1",
        "mongodb-connection-string-url": "^2.5.2",
        "socks": "^2.6.2"
      },
      "engines": {
        "node": ">=12.9.0"
      },
      "optionalDependencies": {
        "saslprep": "^1.0.3"
      }
    },
    "node_modules/mongodb-connection-string-url": {
      "version": "2.5.2",
      "resolved": "https://registry.npmjs.org/mongodb-connection-string-url/-/mongodb-connection-string-url-2.5.2.tgz",
      "integrity": "sha512-tWDyIG8cQlI5k3skB6ywaEA5F9f5OntrKKsT/Lteub2zgwSUlhqEN2inGgBTm8bpYJf8QYBdA/5naz65XDpczA==",
      "dependencies": {
        "@types/whatwg-url": "^8.2.1",
        "whatwg-url": "^11.0.0"
      }
    },
    "node_modules/negotiator": {
      "version": "0.6.3",
      "resolved": "https://registry.npmjs.org/negotiator/-/negotiator-0.6.3.tgz",
      "integrity": "sha512-+EUsqGPLsM+j/zdChZjsnX51g4XrHFOIXwfnCVPGlQk/k5giakcKsuxCObBRu6DSm9opw/O6slWbJdghQM4bBg==",
      "engines": {
        "node": ">= 0.6"
      }
    },
    "node_modules/punycode": {
      "version": "2.1.1",
      "resolved": "https://registry.npmjs.org/punycode/-/punycode-2.1.1.tgz",
      "integrity": "sha512-XRsRjdf+j5ml+y/6GKHPZbrF/8p2Yga0JPtdqTIY2Xe5ohJPD9saDJJLPvp9+NSBprVvevdXZybnj2cv8OEd0A==",
      "engines": {
        "node": ">=6"
      }
    },
    "node_modules/regexparam": {
      "version": "2.0.0",
      "resolved": "https://registry.npmjs.org/regexparam/-/regexparam-2.0.0.tgz",
      "integrity": "sha512-gJKwd2MVPWHAIFLsaYDZfyKzHNS4o7E/v8YmNf44vmeV2e4YfVoDToTOKTvE7ab68cRJ++kLuEXJBaEeJVt5ow==",
      "engines": {
        "node": ">=8"
      }
    },
    "node_modules/saslprep": {
      "version": "1.0.3",
      "resolved": "https://registry.npmjs.org/saslprep/-/saslprep-1.0.3.tgz",
      "integrity": "sha512-/MY/PEMbk2SuY5sScONwhUDsV2p77Znkb/q3nSVstq/yQzYJOH/Azh29p9oJLsl3LnQwSvZDKagDGBsBwSooag==",
      "optional": true,
      "dependencies": {
        "sparse-bitfield": "^3.0.3"
      },
      "engines": {
        "node": ">=6"
      }
    },
    "node_modules/smart-buffer": {
      "version": "4.2.0",
      "resolved": "https://registry.npmjs.org/smart-buffer/-/smart-buffer-4.2.0.tgz",
      "integrity": "sha512-94hK0Hh8rPqQl2xXc3HsaBoOXKV20MToPkcXvwbISWLEs+64sBq5kFgn2kJDHb1Pry9yrP0dxrCI9RRci7RXKg==",
      "engines": {
        "node": ">= 6.0.0",
        "npm": ">= 3.0.0"
      }
    },
    "node_modules/socks": {
      "version": "2.6.2",
      "resolved": "https://registry.npmjs.org/socks/-/socks-2.6.2.tgz",
      "integrity": "sha512-zDZhHhZRY9PxRruRMR7kMhnf3I8hDs4S3f9RecfnGxvcBHQcKcIH/oUcEWffsfl1XxdYlA7nnlGbbTvPz9D8gA==",
      "dependencies": {
        "ip": "^1.1.5",
        "smart-buffer": "^4.2.0"
      },
      "engines": {
        "node": ">= 10.13.0",
        "npm": ">= 3.0.0"
      }
    },
    "node_modules/sparse-bitfield": {
      "version": "3.0.3",
      "resolved": "https://registry.npmjs.org/sparse-bitfield/-/sparse-bitfield-3.0.3.tgz",
      "integrity": "sha1-/0rm5oZWBWuks+eSqzM004JzyhE=",
      "optional": true,
      "dependencies": {
        "memory-pager": "^1.0.2"
      }
    },
    "node_modules/tr46": {
      "version": "3.0.0",
      "resolved": "https://registry.npmjs.org/tr46/-/tr46-3.0.0.tgz",
      "integrity": "sha512-l7FvfAHlcmulp8kr+flpQZmVwtu7nfRV7NZujtN0OqES8EL4O4e0qqzL0DC5gAvx/ZC/9lk6rhcUwYvkBnBnYA==",
      "dependencies": {
        "punycode": "^2.1.1"
      },
      "engines": {
        "node": ">=12"
      }
    },
    "node_modules/webidl-conversions": {
      "version": "7.0.0",
      "resolved": "https://registry.npmjs.org/webidl-conversions/-/webidl-conversions-7.0.0.tgz",
      "integrity": "sha512-VwddBukDzu71offAQR975unBIGqfKZpM+8ZX6ySk8nYhVoo5CYaZyzt3YBvYtRtO+aoGlqxPg/B87NGVZ/fu6g==",
      "engines": {
        "node": ">=12"
      }
    },
    "node_modules/whatwg-url": {
      "version": "11.0.0",
      "resolved": "https://registry.npmjs.org/whatwg-url/-/whatwg-url-11.0.0.tgz",
      "integrity": "sha512-RKT8HExMpoYx4igMiVMY83lN6UeITKJlBQ+vR/8ZJ8OCdSiN3RwCq+9gH0+Xzj0+5IrM6i4j/6LuvzbZIQgEcQ==",
      "dependencies": {
        "tr46": "^3.0.0",
        "webidl-conversions": "^7.0.0"
      },
      "engines": {
        "node": ">=12"
      }
    }
  },
  "dependencies": {
    "@tinyhttp/accepts": {
      "version": "2.0.5",
      "resolved": "https://registry.npmjs.org/@tinyhttp/accepts/-/accepts-2.0.5.tgz",
      "integrity": "sha512-Y3s/uJ+Ju+joEOniWCjNvLh+f+V30pdO3eWniQLEZUD07YK19NPzq4lUiJrFd/OveWA6axZa1rd8gcXCdOxxAg==",
      "requires": {
        "es-mime-types": "^0.1.4",
        "negotiator": "^0.6.2"
      }
    },
    "@tinyhttp/app": {
      "version": "2.0.20",
      "resolved": "https://registry.npmjs.org/@tinyhttp/app/-/app-2.0.20.tgz",
      "integrity": "sha512-QIv7wwsZ14dovGy347VJ+1D9HvceQERPugHEGZ18RY5Svk885fackk/orcu1k5GDXFhobezFw9NChGCzfmuQSA==",
      "requires": {
        "@tinyhttp/cookie": "2.0.3",
        "@tinyhttp/proxy-addr": "2.0.3",
        "@tinyhttp/req": "2.0.12",
        "@tinyhttp/res": "2.0.15",
        "@tinyhttp/router": "2.0.4",
        "header-range-parser": "1.1.3",
        "regexparam": "^2.0.0"
      }
    },
    "@tinyhttp/content-disposition": {
      "version": "2.0.5",
      "resolved": "https://registry.npmjs.org/@tinyhttp/content-disposition/-/content-disposition-2.0.5.tgz",
      "integrity": "sha512-glfgD8Ae1HwF7QntvD1jAr/ieHmGmU4drcH7AeXkK6uj/GyCSRw9yPgSfYqjBkEeP1hR19ZTDi5rrKMIFifesA=="
    },
    "@tinyhttp/cookie": {
      "version": "2.0.3",
      "resolved": "https://registry.npmjs.org/@tinyhttp/cookie/-/cookie-2.0.3.tgz",
      "integrity": "sha512-ZHvDHyNc0VwKLgFqwCNbrMObJqJHKQNnMARdPlK2+VvKVB3h/ZT5kYAXYFxxWFJFNqXaXz0E7i2kX32bMeMGUw=="
    },
    "@tinyhttp/cookie-signature": {
      "version": "2.0.3",
      "resolved": "https://registry.npmjs.org/@tinyhttp/cookie-signature/-/cookie-signature-2.0.3.tgz",
      "integrity": "sha512-sc9qXDTS5qG32ZykBxLIJeGr9GbEr/oY5nDQTZFrCTQ7TdfUjHntSt0ZecPb36xZLsoiRA4RWp3cPC8X1YRu5A=="
    },
    "@tinyhttp/dotenv": {
      "version": "2.0.2",
      "resolved": "https://registry.npmjs.org/@tinyhttp/dotenv/-/dotenv-2.0.2.tgz",
      "integrity": "sha512-r3YhxOA8hE9PyMgY4kuT/+ZpgKwMwbqA0LZW5hfewPXUo+M9nMySLyRb3IeGjrQtd8ii6ZC4poE1GmTeF8nE8w=="
    },
    "@tinyhttp/encode-url": {
      "version": "2.0.4",
      "resolved": "https://registry.npmjs.org/@tinyhttp/encode-url/-/encode-url-2.0.4.tgz",
      "integrity": "sha512-vnofujyKQc5JlsqwSoQVskDIST0zmz8CRwckm/i1PFfvpMqRgzgbS1yFXhUNlb2ZDV4mKknCt6nf6drhJSVbuA=="
    },
    "@tinyhttp/etag": {
      "version": "2.0.3",
      "resolved": "https://registry.npmjs.org/@tinyhttp/etag/-/etag-2.0.3.tgz",
      "integrity": "sha512-mK0gL5KEd4gUjSrOqQLhJnZgn3MXfFrg7g1JDuGmQpjSHBcfCccqyHv9OFFaPBQjK/yEGC7XC+iUCzLMhWjTng=="
    },
    "@tinyhttp/forwarded": {
      "version": "2.0.3",
      "resolved": "https://registry.npmjs.org/@tinyhttp/forwarded/-/forwarded-2.0.3.tgz",
      "integrity": "sha512-K3309+ZuIL4nEAtBbXmigeuRbVYdDGiusT2niP/bSJbtrRhaGSIifYucEYPnOYiUzh+uxn0QpsOOjSKUCF4cXQ=="
    },
    "@tinyhttp/logger": {
      "version": "1.3.0",
      "resolved": "https://registry.npmjs.org/@tinyhttp/logger/-/logger-1.3.0.tgz",
      "integrity": "sha512-u8vbW8OEPur3ZlkJGNO+Nl/xw78cdIaDAcWMUEg7o3UY9L5xezMQcLBPX8ykJLEB+Yl+BDmTvt1s1LzkwM6mNQ==",
      "requires": {
        "colorette": "^1.2.2",
        "dayjs": "^1.10.4",
        "http-status-emojis": "^2.2.0"
      }
    },
    "@tinyhttp/proxy-addr": {
      "version": "2.0.3",
      "resolved": "https://registry.npmjs.org/@tinyhttp/proxy-addr/-/proxy-addr-2.0.3.tgz",
      "integrity": "sha512-Fm1DTq2k4fqdTwK+UQ+YR+0zwv2cIV1lIfaW/VYM6Za7vTJHAphilf5IPkjyBsdf9Fa/jDwHo8WCak6yI2I+jQ==",
      "requires": {
        "@tinyhttp/forwarded": "2.0.3",
        "ipaddr.js": "^2.0.1"
      }
    },
    "@tinyhttp/req": {
      "version": "2.0.12",
      "resolved": "https://registry.npmjs.org/@tinyhttp/req/-/req-2.0.12.tgz",
      "integrity": "sha512-adqVhev9iG7aTYoTXu2WCqWlnAgBJubbqIE+1L/5EimNDgnvd1nxkQAsuqEmrsm1SZiPXB2HYA1rFSKRJBsC7w==",
      "requires": {
        "@tinyhttp/accepts": "2.0.5",
        "@tinyhttp/type-is": "2.0.4",
        "@tinyhttp/url": "2.0.5",
        "es-fresh": "^0.0.10",
        "header-range-parser": "^1.1.3"
      }
    },
    "@tinyhttp/res": {
      "version": "2.0.15",
      "resolved": "https://registry.npmjs.org/@tinyhttp/res/-/res-2.0.15.tgz",
      "integrity": "sha512-OA0wbyBrAPBa9HUnZ68acIkrHcAd5o+z9Zj5q6ZO9HJZ2EjojQ18OzH1/PSO4fz1zqhT8vk1lY9BXjCk7oVA6w==",
      "requires": {
        "@tinyhttp/content-disposition": "2.0.5",
        "@tinyhttp/cookie": "2.0.3",
        "@tinyhttp/cookie-signature": "2.0.3",
        "@tinyhttp/encode-url": "2.0.4",
        "@tinyhttp/req": "2.0.12",
        "@tinyhttp/send": "2.0.4",
        "es-escape-html": "^0.1.1",
        "es-mime-types": "^0.1.4",
        "es-vary": "^0.1.1"
      }
    },
    "@tinyhttp/router": {
      "version": "2.0.4",
      "resolved": "https://registry.npmjs.org/@tinyhttp/router/-/router-2.0.4.tgz",
      "integrity": "sha512-mO8jWrB951UTkX8akzhHa5UMjQKleNhbQDnd4EZSA7VOXE9n28tqHmYgg1G/czDL6gwRl6Bppj5crJIbvMDGwg=="
    },
    "@tinyhttp/send": {
      "version": "2.0.4",
      "resolved": "https://registry.npmjs.org/@tinyhttp/send/-/send-2.0.4.tgz",
      "integrity": "sha512-HISD5WB1IFGmXitpRt9A+xImHTkbUDd4FZQJdECIPL2kodIHIwHgUFefOPs+pJxdozZwK63Pwe+gMQu5VK6MyA==",
      "requires": {
        "@tinyhttp/etag": "2.0.3",
        "es-content-type": "^0.1.0",
        "es-mime-types": "^0.1.4"
      }
    },
    "@tinyhttp/type-is": {
      "version": "2.0.4",
      "resolved": "https://registry.npmjs.org/@tinyhttp/type-is/-/type-is-2.0.4.tgz",
      "integrity": "sha512-MpGt6ikISUVEhikmbv3tPgDNiy/9L3/WocR76bAIPp1JdyQlYqeQ1jCze5E3tPQ4gtTIb1rwdptHVBq4NkwwHw==",
      "requires": {
        "es-content-type": "^0.1.0",
        "es-mime-types": "^0.1.4"
      }
    },
    "@tinyhttp/url": {
      "version": "2.0.5",
      "resolved": "https://registry.npmjs.org/@tinyhttp/url/-/url-2.0.5.tgz",
      "integrity": "sha512-NXQAaUa7p5pgd1oUF5VuzLyqVVoMqNvraUI8QkSL0TlRSfgOVLg5PQ2xbk0TYU03SGwHm8w1ZBl9lymeJCLphg=="
    },
    "@types/node": {
      "version": "17.0.24",
      "resolved": "https://registry.npmjs.org/@types/node/-/node-17.0.24.tgz",
      "integrity": "sha512-aveCYRQbgTH9Pssp1voEP7HiuWlD2jW2BO56w+bVrJn04i61yh6mRfoKO6hEYQD9vF+W8Chkwc6j1M36uPkx4g=="
    },
    "@types/webidl-conversions": {
      "version": "6.1.1",
      "resolved": "https://registry.npmjs.org/@types/webidl-conversions/-/webidl-conversions-6.1.1.tgz",
      "integrity": "sha512-XAahCdThVuCFDQLT7R7Pk/vqeObFNL3YqRyFZg+AqAP/W1/w3xHaIxuW7WszQqTbIBOPRcItYJIou3i/mppu3Q=="
    },
    "@types/whatwg-url": {
      "version": "8.2.1",
      "resolved": "https://registry.npmjs.org/@types/whatwg-url/-/whatwg-url-8.2.1.tgz",
      "integrity": "sha512-2YubE1sjj5ifxievI5Ge1sckb9k/Er66HyR2c+3+I6VDUUg1TLPdYYTEbQ+DjRkS4nTxMJhgWfSfMRD2sl2EYQ==",
      "requires": {
        "@types/node": "*",
        "@types/webidl-conversions": "*"
      }
    },
    "base64-js": {
      "version": "1.5.1",
      "resolved": "https://registry.npmjs.org/base64-js/-/base64-js-1.5.1.tgz",
      "integrity": "sha512-AKpaYlHn8t4SVbOHCy+b5+KKgvR4vrsD8vbvrbiQJps7fKDTkjkDry6ji0rUJjC0kzbNePLwzxq8iypo41qeWA=="
    },
    "bson": {
      "version": "4.6.2",
      "resolved": "https://registry.npmjs.org/bson/-/bson-4.6.2.tgz",
      "integrity": "sha512-VeJKHShcu1b/ugl0QiujlVuBepab714X9nNyBdA1kfekuDGecxgpTA2Z6nYbagrWFeiIyzSWIOzju3lhj+RNyQ==",
      "requires": {
        "buffer": "^5.6.0"
      }
    },
    "buffer": {
      "version": "5.7.1",
      "resolved": "https://registry.npmjs.org/buffer/-/buffer-5.7.1.tgz",
      "integrity": "sha512-EHcyIPBQ4BSGlvjB16k5KgAJ27CIsHY/2JBmCRReo48y9rQ3MaUzWX3KVlBa4U7MyX02HdVj0K7C3WaB3ju7FQ==",
      "requires": {
        "base64-js": "^1.3.1",
        "ieee754": "^1.1.13"
      }
    },
    "colorette": {
      "version": "1.4.0",
      "resolved": "https://registry.npmjs.org/colorette/-/colorette-1.4.0.tgz",
      "integrity": "sha512-Y2oEozpomLn7Q3HFP7dpww7AtMJplbM9lGZP6RDfHqmbeRjiwRg4n6VM6j4KLmRke85uWEI7JqF17f3pqdRA0g=="
    },
    "dayjs": {
      "version": "1.11.1",
      "resolved": "https://registry.npmjs.org/dayjs/-/dayjs-1.11.1.tgz",
      "integrity": "sha512-ER7EjqVAMkRRsxNCC5YqJ9d9VQYuWdGt7aiH2qA5R5wt8ZmWaP2dLUSIK6y/kVzLMlmh1Tvu5xUf4M/wdGJ5KA=="
    },
    "denque": {
      "version": "2.0.1",
      "resolved": "https://registry.npmjs.org/denque/-/denque-2.0.1.tgz",
      "integrity": "sha512-tfiWc6BQLXNLpNiR5iGd0Ocu3P3VpxfzFiqubLgMfhfOw9WyvgJBd46CClNn9k3qfbjvT//0cf7AlYRX/OslMQ=="
    },
    "es-content-type": {
      "version": "0.1.0",
      "resolved": "https://registry.npmjs.org/es-content-type/-/es-content-type-0.1.0.tgz",
      "integrity": "sha512-DqWU9pSzhNlO10q+NQ/KebImLkKbwbcy0pSv3hNQfEpKFHsrqDJz2vajpZdq7nkiG9DoJcTh22oHGymp7XJd9g=="
    },
    "es-escape-html": {
      "version": "0.1.1",
      "resolved": "https://registry.npmjs.org/es-escape-html/-/es-escape-html-0.1.1.tgz",
      "integrity": "sha512-yUx1o+8RsG7UlszmYPtks+dm6Lho2m8lgHMOsLJQsFI0R8XwUJwiMhM1M4E/S8QLeGyf6MkDV/pWgjQ0tdTSyQ=="
    },
    "es-fresh": {
      "version": "0.0.10",
      "resolved": "https://registry.npmjs.org/es-fresh/-/es-fresh-0.0.10.tgz",
      "integrity": "sha512-/e5etUqtxj7JktALldpsDNC84DOHavN9PqojnTTGeX1M2/Q4/SF8d55d7AsB3n66WYS43hdBbn0sAllto5kSIg=="
    },
    "es-mime-types": {
      "version": "0.1.4",
      "resolved": "https://registry.npmjs.org/es-mime-types/-/es-mime-types-0.1.4.tgz",
      "integrity": "sha512-rUrmfrUIHU/4ykYB+YH80LDiSpmn6sE/A9E8EsFZP4LCtf/PH+ju6d6goFJ8fsGf81pRtQn1cJSmp8JGA9YkfQ==",
      "requires": {
        "mime-db": "^1.50.0"
      }
    },
    "es-vary": {
      "version": "0.1.2",
      "resolved": "https://registry.npmjs.org/es-vary/-/es-vary-0.1.2.tgz",
      "integrity": "sha512-pLqqZoOutAXQXyBJrUYVNM5fZngiOJYi1Xl4svQMrluTsqDUOQlBMw9EYgLrsWL6niDYn/Yd1y2Pj6GC+j/yjA=="
    },
    "header-range-parser": {
      "version": "1.1.3",
      "resolved": "https://registry.npmjs.org/header-range-parser/-/header-range-parser-1.1.3.tgz",
      "integrity": "sha512-B9zCFt3jH8g09LR1vHL4pcAn8yMEtlSlOUdQemzHMRKMImNIhhszdeosYFfNW0WXKQtXIlWB+O4owHJKvEJYaA=="
    },
    "http-status-emojis": {
      "version": "2.2.0",
      "resolved": "https://registry.npmjs.org/http-status-emojis/-/http-status-emojis-2.2.0.tgz",
      "integrity": "sha512-ompKtgwpx8ff0hsbpIB7oE4ax1LXoHmftsHHStMELX56ivG3GhofTX8ZHWlUaFKfGjcGjw6G3rPk7dJRXMmbbg=="
    },
    "ieee754": {
      "version": "1.2.1",
      "resolved": "https://registry.npmjs.org/ieee754/-/ieee754-1.2.1.tgz",
      "integrity": "sha512-dcyqhDvX1C46lXZcVqCpK+FtMRQVdIMN6/Df5js2zouUsqG7I6sFxitIC+7KYK29KdXOLHdu9zL4sFnoVQnqaA=="
    },
    "ip": {
      "version": "1.1.5",
      "resolved": "https://registry.npmjs.org/ip/-/ip-1.1.5.tgz",
      "integrity": "sha1-vd7XARQpCCjAoDnnLvJfWq7ENUo="
    },
    "ipaddr.js": {
      "version": "2.0.1",
      "resolved": "https://registry.npmjs.org/ipaddr.js/-/ipaddr.js-2.0.1.tgz",
      "integrity": "sha512-1qTgH9NG+IIJ4yfKs2e6Pp1bZg8wbDbKHT21HrLIeYBTRLgMYKnMTPAuI3Lcs61nfx5h1xlXnbJtH1kX5/d/ng=="
    },
    "memory-pager": {
      "version": "1.5.0",
      "resolved": "https://registry.npmjs.org/memory-pager/-/memory-pager-1.5.0.tgz",
      "integrity": "sha512-ZS4Bp4r/Zoeq6+NLJpP+0Zzm0pR8whtGPf1XExKLJBAczGMnSi3It14OiNCStjQjM6NU1okjQGSxgEZN8eBYKg==",
      "optional": true
    },
    "milliparsec": {
      "version": "2.2.1",
      "resolved": "https://registry.npmjs.org/milliparsec/-/milliparsec-2.2.1.tgz",
      "integrity": "sha512-eLVRBxVWfm85fLuFf0LJfaQeZKdWfVgH5W3L7aFl1eMGv6dbFBTcClFY+zvgK7/XnrynmXq8U3CVloznj5QEoQ=="
    },
    "mime-db": {
      "version": "1.52.0",
      "resolved": "https://registry.npmjs.org/mime-db/-/mime-db-1.52.0.tgz",
      "integrity": "sha512-sPU4uV7dYlvtWJxwwxHD0PuihVNiE7TyAbQ5SWxDCB9mUYvOgroQOwYQQOKPJ8CIbE+1ETVlOoK1UC2nU3gYvg=="
    },
    "mongodb": {
      "version": "4.5.0",
      "resolved": "https://registry.npmjs.org/mongodb/-/mongodb-4.5.0.tgz",
      "integrity": "sha512-A2l8MjEpKojnhbCM0MK3+UOGUSGvTNNSv7AkP1fsT7tkambrkkqN/5F2y+PhzsV0Nbv58u04TETpkaSEdI2zKA==",
      "requires": {
        "bson": "^4.6.2",
        "denque": "^2.0.1",
        "mongodb-connection-string-url": "^2.5.2",
        "saslprep": "^1.0.3",
        "socks": "^2.6.2"
      }
    },
    "mongodb-connection-string-url": {
      "version": "2.5.2",
      "resolved": "https://registry.npmjs.org/mongodb-connection-string-url/-/mongodb-connection-string-url-2.5.2.tgz",
      "integrity": "sha512-tWDyIG8cQlI5k3skB6ywaEA5F9f5OntrKKsT/Lteub2zgwSUlhqEN2inGgBTm8bpYJf8QYBdA/5naz65XDpczA==",
      "requires": {
        "@types/whatwg-url": "^8.2.1",
        "whatwg-url": "^11.0.0"
      }
    },
    "negotiator": {
      "version": "0.6.3",
      "resolved": "https://registry.npmjs.org/negotiator/-/negotiator-0.6.3.tgz",
      "integrity": "sha512-+EUsqGPLsM+j/zdChZjsnX51g4XrHFOIXwfnCVPGlQk/k5giakcKsuxCObBRu6DSm9opw/O6slWbJdghQM4bBg=="
    },
    "punycode": {
      "version": "2.1.1",
      "resolved": "https://registry.npmjs.org/punycode/-/punycode-2.1.1.tgz",
      "integrity": "sha512-XRsRjdf+j5ml+y/6GKHPZbrF/8p2Yga0JPtdqTIY2Xe5ohJPD9saDJJLPvp9+NSBprVvevdXZybnj2cv8OEd0A=="
    },
    "regexparam": {
      "version": "2.0.0",
      "resolved": "https://registry.npmjs.org/regexparam/-/regexparam-2.0.0.tgz",
      "integrity": "sha512-gJKwd2MVPWHAIFLsaYDZfyKzHNS4o7E/v8YmNf44vmeV2e4YfVoDToTOKTvE7ab68cRJ++kLuEXJBaEeJVt5ow=="
    },
    "saslprep": {
      "version": "1.0.3",
      "resolved": "https://registry.npmjs.org/saslprep/-/saslprep-1.0.3.tgz",
      "integrity": "sha512-/MY/PEMbk2SuY5sScONwhUDsV2p77Znkb/q3nSVstq/yQzYJOH/Azh29p9oJLsl3LnQwSvZDKagDGBsBwSooag==",
      "optional": true,
      "requires": {
        "sparse-bitfield": "^3.0.3"
      }
    },
    "smart-buffer": {
      "version": "4.2.0",
      "resolved": "https://registry.npmjs.org/smart-buffer/-/smart-buffer-4.2.0.tgz",
      "integrity": "sha512-94hK0Hh8rPqQl2xXc3HsaBoOXKV20MToPkcXvwbISWLEs+64sBq5kFgn2kJDHb1Pry9yrP0dxrCI9RRci7RXKg=="
    },
    "socks": {
      "version": "2.6.2",
      "resolved": "https://registry.npmjs.org/socks/-/socks-2.6.2.tgz",
      "integrity": "sha512-zDZhHhZRY9PxRruRMR7kMhnf3I8hDs4S3f9RecfnGxvcBHQcKcIH/oUcEWffsfl1XxdYlA7nnlGbbTvPz9D8gA==",
      "requires": {
        "ip": "^1.1.5",
        "smart-buffer": "^4.2.0"
      }
    },
    "sparse-bitfield": {
      "version": "3.0.3",
      "resolved": "https://registry.npmjs.org/sparse-bitfield/-/sparse-bitfield-3.0.3.tgz",
      "integrity": "sha1-/0rm5oZWBWuks+eSqzM004JzyhE=",
      "optional": true,
      "requires": {
        "memory-pager": "^1.0.2"
      }
    },
    "tr46": {
      "version": "3.0.0",
      "resolved": "https://registry.npmjs.org/tr46/-/tr46-3.0.0.tgz",
      "integrity": "sha512-l7FvfAHlcmulp8kr+flpQZmVwtu7nfRV7NZujtN0OqES8EL4O4e0qqzL0DC5gAvx/ZC/9lk6rhcUwYvkBnBnYA==",
      "requires": {
        "punycode": "^2.1.1"
      }
    },
    "webidl-conversions": {
      "version": "7.0.0",
      "resolved": "https://registry.npmjs.org/webidl-conversions/-/webidl-conversions-7.0.0.tgz",
      "integrity": "sha512-VwddBukDzu71offAQR975unBIGqfKZpM+8ZX6ySk8nYhVoo5CYaZyzt3YBvYtRtO+aoGlqxPg/B87NGVZ/fu6g=="
    },
    "whatwg-url": {
      "version": "11.0.0",
      "resolved": "https://registry.npmjs.org/whatwg-url/-/whatwg-url-11.0.0.tgz",
      "integrity": "sha512-RKT8HExMpoYx4igMiVMY83lN6UeITKJlBQ+vR/8ZJ8OCdSiN3RwCq+9gH0+Xzj0+5IrM6i4j/6LuvzbZIQgEcQ==",
      "requires": {
        "tr46": "^3.0.0",
        "webidl-conversions": "^7.0.0"
      }
    }
  }
}
